{
  "nodes": {
    "catppuccin": {
      "locked": {
<<<<<<< HEAD
        "lastModified": 1718339789,
        "narHash": "sha256-Q3fgY7huFE+uaw7BNsAl1x+FvjDAi3EDWPnlALJt5pM=",
        "owner": "catppuccin",
        "repo": "nix",
        "rev": "73e06d5bd7ed34bdd0168030893ef8364fdc1d4a",
=======
        "lastModified": 1716329368,
        "narHash": "sha256-QIKojhHcuoN7cU7Y/vZ1end8ogIfcm/ch59/A4Yjq68=",
        "owner": "catppuccin",
        "repo": "nix",
        "rev": "ac87622fa4b515c741a745390b83df29815cb856",
>>>>>>> df95a740e007c03e6bbbc961ebbb99cc5a74d610
        "type": "github"
      },
      "original": {
        "owner": "catppuccin",
        "repo": "nix",
        "type": "github"
      }
    },
<<<<<<< HEAD
    "devshell": {
      "inputs": {
        "flake-utils": "flake-utils_2",
        "nixpkgs": [
          "nixvim",
          "nixpkgs"
        ]
      },
      "locked": {
        "lastModified": 1717408969,
        "narHash": "sha256-Q0OEFqe35fZbbRPPRdrjTUUChKVhhWXz3T9ZSKmaoVY=",
        "owner": "numtide",
        "repo": "devshell",
        "rev": "1ebbe68d57457c8cae98145410b164b5477761f4",
        "type": "github"
      },
      "original": {
        "owner": "numtide",
        "repo": "devshell",
        "type": "github"
      }
    },
=======
>>>>>>> df95a740e007c03e6bbbc961ebbb99cc5a74d610
    "firefox-addons": {
      "inputs": {
        "flake-utils": "flake-utils",
        "nixpkgs": [
          "nixpkgs"
        ]
      },
      "locked": {
        "dir": "pkgs/firefox-addons",
<<<<<<< HEAD
        "lastModified": 1718424194,
        "narHash": "sha256-ANA9WvWvRwNG+otVMQcRWLKEQjXyVbmqQQF7nx/4ouI=",
        "owner": "rycee",
        "repo": "nur-expressions",
        "rev": "2d9259a974a89132c99f6a47ce6a525100bf98e0",
=======
        "lastModified": 1716350681,
        "narHash": "sha256-TozLmoqB09MegHDEbdIR+FB0VhzOR3En0kOMjDUcxoY=",
        "owner": "rycee",
        "repo": "nur-expressions",
        "rev": "aa8fac6e07a6186d607acf541e845232df23ae47",
>>>>>>> df95a740e007c03e6bbbc961ebbb99cc5a74d610
        "type": "gitlab"
      },
      "original": {
        "dir": "pkgs/firefox-addons",
        "owner": "rycee",
        "repo": "nur-expressions",
        "type": "gitlab"
      }
    },
<<<<<<< HEAD
    "flake-compat": {
      "locked": {
        "lastModified": 1696426674,
        "narHash": "sha256-kvjfFW7WAETZlt09AgDn1MrtKzP7t90Vf7vypd3OL1U=",
        "rev": "0f9255e01c2351cc7d116c072cb317785dd33b33",
        "revCount": 57,
        "type": "tarball",
        "url": "https://api.flakehub.com/f/pinned/edolstra/flake-compat/1.0.1/018afb31-abd1-7bff-a5e4-cff7e18efb7a/source.tar.gz"
      },
      "original": {
        "type": "tarball",
        "url": "https://flakehub.com/f/edolstra/flake-compat/1.tar.gz"
      }
    },
    "flake-compat_2": {
      "flake": false,
      "locked": {
        "lastModified": 1696426674,
        "narHash": "sha256-kvjfFW7WAETZlt09AgDn1MrtKzP7t90Vf7vypd3OL1U=",
        "owner": "edolstra",
        "repo": "flake-compat",
        "rev": "0f9255e01c2351cc7d116c072cb317785dd33b33",
        "type": "github"
      },
      "original": {
        "owner": "edolstra",
        "repo": "flake-compat",
        "type": "github"
      }
    },
    "flake-parts": {
      "inputs": {
        "nixpkgs-lib": [
          "nixvim",
          "nixpkgs"
        ]
      },
      "locked": {
        "lastModified": 1717285511,
        "narHash": "sha256-iKzJcpdXih14qYVcZ9QC9XuZYnPc6T8YImb6dX166kw=",
        "owner": "hercules-ci",
        "repo": "flake-parts",
        "rev": "2a55567fcf15b1b1c7ed712a2c6fadaec7412ea8",
        "type": "github"
      },
      "original": {
        "owner": "hercules-ci",
        "repo": "flake-parts",
        "type": "github"
      }
    },
=======
>>>>>>> df95a740e007c03e6bbbc961ebbb99cc5a74d610
    "flake-utils": {
      "locked": {
        "lastModified": 1629284811,
        "narHash": "sha256-JHgasjPR0/J1J3DRm4KxM4zTyAj4IOJY8vIl75v/kPI=",
        "owner": "numtide",
        "repo": "flake-utils",
        "rev": "c5d161cc0af116a2e17f54316f0bf43f0819785c",
        "type": "github"
      },
      "original": {
        "owner": "numtide",
        "repo": "flake-utils",
        "type": "github"
      }
    },
<<<<<<< HEAD
    "flake-utils_2": {
      "inputs": {
        "systems": "systems_2"
      },
      "locked": {
        "lastModified": 1701680307,
        "narHash": "sha256-kAuep2h5ajznlPMD9rnQyffWG8EM/C73lejGofXvdM8=",
        "owner": "numtide",
        "repo": "flake-utils",
        "rev": "4022d587cbbfd70fe950c1e2083a02621806a725",
        "type": "github"
      },
      "original": {
        "owner": "numtide",
        "repo": "flake-utils",
        "type": "github"
      }
    },
    "git-hooks": {
      "inputs": {
        "flake-compat": "flake-compat_2",
        "gitignore": "gitignore",
        "nixpkgs": [
          "nixvim",
          "nixpkgs"
        ],
        "nixpkgs-stable": [
          "nixvim",
          "nixpkgs"
        ]
      },
      "locked": {
        "lastModified": 1717664902,
        "narHash": "sha256-7XfBuLULizXjXfBYy/VV+SpYMHreNRHk9nKMsm1bgb4=",
        "owner": "cachix",
        "repo": "git-hooks.nix",
        "rev": "cc4d466cb1254af050ff7bdf47f6d404a7c646d1",
        "type": "github"
      },
      "original": {
        "owner": "cachix",
        "repo": "git-hooks.nix",
        "type": "github"
      }
    },
    "gitignore": {
      "inputs": {
        "nixpkgs": [
          "nixvim",
          "git-hooks",
          "nixpkgs"
        ]
      },
      "locked": {
        "lastModified": 1709087332,
        "narHash": "sha256-HG2cCnktfHsKV0s4XW83gU3F57gaTljL9KNSuG6bnQs=",
        "owner": "hercules-ci",
        "repo": "gitignore.nix",
        "rev": "637db329424fd7e46cf4185293b9cc8c88c95394",
        "type": "github"
      },
      "original": {
        "owner": "hercules-ci",
        "repo": "gitignore.nix",
        "type": "github"
      }
    },
=======
>>>>>>> df95a740e007c03e6bbbc961ebbb99cc5a74d610
    "home-manager": {
      "inputs": {
        "nixpkgs": [
          "nixpkgs"
        ]
      },
      "locked": {
<<<<<<< HEAD
        "lastModified": 1717527182,
        "narHash": "sha256-vWSkg6AMok1UUQiSYVdGMOXKD2cDFnajITiSi0Zjd1A=",
        "owner": "nix-community",
        "repo": "home-manager",
        "rev": "845a5c4c073f74105022533907703441e0464bc3",
        "type": "github"
      },
      "original": {
        "owner": "nix-community",
        "ref": "release-24.05",
        "repo": "home-manager",
        "type": "github"
      }
    },
    "home-manager_2": {
      "inputs": {
        "nixpkgs": [
          "nixvim",
          "nixpkgs"
        ]
      },
      "locked": {
        "lastModified": 1718243258,
        "narHash": "sha256-abBpj2VU8p6qlRzTU8o22q68MmOaZ4v8zZ4UlYl5YRU=",
        "owner": "nix-community",
        "repo": "home-manager",
        "rev": "8d5e27b4807d25308dfe369d5a923d87e7dbfda3",
=======
        "lastModified": 1715381426,
        "narHash": "sha256-wPuqrAQGdv3ISs74nJfGb+Yprm23U/rFpcHFFNWgM94=",
        "owner": "nix-community",
        "repo": "home-manager",
        "rev": "ab5542e9dbd13d0100f8baae2bc2d68af901f4b4",
>>>>>>> df95a740e007c03e6bbbc961ebbb99cc5a74d610
        "type": "github"
      },
      "original": {
        "owner": "nix-community",
<<<<<<< HEAD
=======
        "ref": "release-23.11",
>>>>>>> df95a740e007c03e6bbbc961ebbb99cc5a74d610
        "repo": "home-manager",
        "type": "github"
      }
    },
    "hyprcursor": {
      "inputs": {
        "hyprlang": [
          "hyprland",
          "hyprlang"
        ],
        "nixpkgs": [
          "hyprland",
          "nixpkgs"
        ],
        "systems": [
          "hyprland",
          "systems"
        ]
      },
      "locked": {
<<<<<<< HEAD
        "lastModified": 1718368322,
        "narHash": "sha256-VfMg3RsnRLQzbq0hFIh1dCM09b5C/F/qPFUOgU/CRi0=",
        "owner": "hyprwm",
        "repo": "hyprcursor",
        "rev": "dd3a853c8239d1c3f3f37de7d2b8ae4b4f3840df",
=======
        "lastModified": 1715791817,
        "narHash": "sha256-J069Uhv/gCMFLX1dSh2f+9ZTM09r1Nv3oUfocCnWKow=",
        "owner": "hyprwm",
        "repo": "hyprcursor",
        "rev": "7c3aa03dffb53921e583ade3d4ae3f487e390e7e",
>>>>>>> df95a740e007c03e6bbbc961ebbb99cc5a74d610
        "type": "github"
      },
      "original": {
        "owner": "hyprwm",
        "repo": "hyprcursor",
        "type": "github"
      }
    },
    "hyprland": {
      "inputs": {
        "hyprcursor": "hyprcursor",
        "hyprlang": "hyprlang",
<<<<<<< HEAD
        "hyprutils": "hyprutils",
=======
>>>>>>> df95a740e007c03e6bbbc961ebbb99cc5a74d610
        "hyprwayland-scanner": "hyprwayland-scanner",
        "nixpkgs": "nixpkgs",
        "systems": "systems",
        "xdph": "xdph"
      },
      "locked": {
<<<<<<< HEAD
        "lastModified": 1718395253,
        "narHash": "sha256-nuY3ZpulpF6tA1KNvwrdZe/VOG+NkeEmg/bJyCRFjQw=",
        "owner": "hyprwm",
        "repo": "Hyprland",
        "rev": "cb63398f079b4b4324c04e2e41ba17983d66487c",
=======
        "lastModified": 1716316196,
        "narHash": "sha256-7o31xFAze25uLFOc48tNBkgvr2hIe2sBj1p5wppSgB4=",
        "owner": "hyprwm",
        "repo": "Hyprland",
        "rev": "e419ef1873de01b0762f7f1a411994170a4d8cab",
>>>>>>> df95a740e007c03e6bbbc961ebbb99cc5a74d610
        "type": "github"
      },
      "original": {
        "owner": "hyprwm",
        "repo": "Hyprland",
        "type": "github"
      }
    },
    "hyprland-protocols": {
      "inputs": {
        "nixpkgs": [
          "hyprland",
          "xdph",
          "nixpkgs"
        ],
        "systems": [
          "hyprland",
          "xdph",
          "systems"
        ]
      },
      "locked": {
        "lastModified": 1691753796,
        "narHash": "sha256-zOEwiWoXk3j3+EoF3ySUJmberFewWlagvewDRuWYAso=",
        "owner": "hyprwm",
        "repo": "hyprland-protocols",
        "rev": "0c2ce70625cb30aef199cb388f99e19a61a6ce03",
        "type": "github"
      },
      "original": {
        "owner": "hyprwm",
        "repo": "hyprland-protocols",
        "type": "github"
      }
    },
    "hyprlang": {
      "inputs": {
<<<<<<< HEAD
        "hyprutils": [
          "hyprland",
          "hyprutils"
        ],
=======
>>>>>>> df95a740e007c03e6bbbc961ebbb99cc5a74d610
        "nixpkgs": [
          "hyprland",
          "nixpkgs"
        ],
        "systems": [
          "hyprland",
          "systems"
        ]
      },
      "locked": {
<<<<<<< HEAD
        "lastModified": 1717881852,
        "narHash": "sha256-XeeVoKHQgfKuXoP6q90sUqKyl7EYy3ol2dVZGM+Jj94=",
        "owner": "hyprwm",
        "repo": "hyprlang",
        "rev": "ec6938c66253429192274d612912649a0cfe4d28",
=======
        "lastModified": 1715791527,
        "narHash": "sha256-HhQ4zvGHrRjR63ltySSeg+x+0jb0lepiutWdnFhLRoo=",
        "owner": "hyprwm",
        "repo": "hyprlang",
        "rev": "969cb076e5b76f2e823aeca1937a3e1f159812ee",
>>>>>>> df95a740e007c03e6bbbc961ebbb99cc5a74d610
        "type": "github"
      },
      "original": {
        "owner": "hyprwm",
        "repo": "hyprlang",
        "type": "github"
      }
    },
<<<<<<< HEAD
    "hyprutils": {
      "inputs": {
        "nixpkgs": [
          "hyprland",
          "nixpkgs"
        ],
        "systems": [
          "hyprland",
          "systems"
        ]
      },
      "locked": {
        "lastModified": 1718271409,
        "narHash": "sha256-8KvVqtApNt4FWTdn1TqVvw00rpqyG9UuUPA2ilPVD1U=",
        "owner": "hyprwm",
        "repo": "hyprutils",
        "rev": "8e10e0626fb26a14b859b3811b6ed7932400c86e",
        "type": "github"
      },
      "original": {
        "owner": "hyprwm",
        "repo": "hyprutils",
        "type": "github"
      }
    },
=======
>>>>>>> df95a740e007c03e6bbbc961ebbb99cc5a74d610
    "hyprwayland-scanner": {
      "inputs": {
        "nixpkgs": [
          "hyprland",
          "nixpkgs"
        ],
        "systems": [
          "hyprland",
          "systems"
        ]
      },
      "locked": {
<<<<<<< HEAD
        "lastModified": 1718119275,
        "narHash": "sha256-nqDYXATNkyGXVmNMkT19fT4sjtSPBDS1LLOxa3Fueo4=",
        "owner": "hyprwm",
        "repo": "hyprwayland-scanner",
        "rev": "1419520d5f7f38d35e05504da5c1b38212a38525",
=======
        "lastModified": 1716058375,
        "narHash": "sha256-CwjWoVnBZE5SBpRx9dgSQGCr4Goxyfcyv3zZbOhVqzk=",
        "owner": "hyprwm",
        "repo": "hyprwayland-scanner",
        "rev": "3afed4364790aebe0426077631af1e164a9650cc",
>>>>>>> df95a740e007c03e6bbbc961ebbb99cc5a74d610
        "type": "github"
      },
      "original": {
        "owner": "hyprwm",
        "repo": "hyprwayland-scanner",
        "type": "github"
      }
    },
<<<<<<< HEAD
    "nix-darwin": {
      "inputs": {
        "nixpkgs": [
          "nixvim",
          "nixpkgs"
        ]
      },
      "locked": {
        "lastModified": 1718345812,
        "narHash": "sha256-FJhA+YFsOFrAYe6EaiTEfomNf7jeURaPiG5/+a3DRSc=",
        "owner": "lnl7",
        "repo": "nix-darwin",
        "rev": "ff988d78f2f55641efacdf9a585d2937f7e32a9b",
        "type": "github"
      },
      "original": {
        "owner": "lnl7",
        "repo": "nix-darwin",
        "type": "github"
      }
    },
    "nixpkgs": {
      "locked": {
        "lastModified": 1718318537,
        "narHash": "sha256-4Zu0RYRcAY/VWuu6awwq4opuiD//ahpc2aFHg2CWqFY=",
        "owner": "NixOS",
        "repo": "nixpkgs",
        "rev": "e9ee548d90ff586a6471b4ae80ae9cfcbceb3420",
=======
    "nixpkgs": {
      "locked": {
        "lastModified": 1716137900,
        "narHash": "sha256-sowPU+tLQv8GlqtVtsXioTKeaQvlMz/pefcdwg8MvfM=",
        "owner": "NixOS",
        "repo": "nixpkgs",
        "rev": "6c0b7a92c30122196a761b440ac0d46d3d9954f1",
>>>>>>> df95a740e007c03e6bbbc961ebbb99cc5a74d610
        "type": "github"
      },
      "original": {
        "owner": "NixOS",
        "ref": "nixos-unstable",
        "repo": "nixpkgs",
        "type": "github"
      }
    },
    "nixpkgs_2": {
      "locked": {
<<<<<<< HEAD
        "lastModified": 1718208800,
        "narHash": "sha256-US1tAChvPxT52RV8GksWZS415tTS7PV42KTc2PNDBmc=",
        "owner": "NixOS",
        "repo": "nixpkgs",
        "rev": "cc54fb41d13736e92229c21627ea4f22199fee6b",
=======
        "lastModified": 1716218643,
        "narHash": "sha256-i/E7gzQybvcGAYDRGDl39WL6yVk30Je/NXypBz6/nmM=",
        "owner": "NixOS",
        "repo": "nixpkgs",
        "rev": "a8695cbd09a7ecf3376bd62c798b9864d20f86ee",
>>>>>>> df95a740e007c03e6bbbc961ebbb99cc5a74d610
        "type": "github"
      },
      "original": {
        "owner": "NixOS",
<<<<<<< HEAD
        "ref": "nixos-24.05",
=======
        "ref": "nixos-23.11",
>>>>>>> df95a740e007c03e6bbbc961ebbb99cc5a74d610
        "repo": "nixpkgs",
        "type": "github"
      }
    },
<<<<<<< HEAD
    "nixvim": {
      "inputs": {
        "devshell": "devshell",
        "flake-compat": "flake-compat",
        "flake-parts": "flake-parts",
        "git-hooks": "git-hooks",
        "home-manager": "home-manager_2",
        "nix-darwin": "nix-darwin",
        "nixpkgs": [
          "nixpkgs"
        ],
        "treefmt-nix": "treefmt-nix"
      },
      "locked": {
        "lastModified": 1718395224,
        "narHash": "sha256-CHb6PztVli8qtAnXTR+VcB+6CANs+TkIz1Ivu8yXsvM=",
        "owner": "nix-community",
        "repo": "nixvim",
        "rev": "a4dec356e736f795f8eec2d6f1580b4769f2fe21",
        "type": "github"
      },
      "original": {
        "owner": "nix-community",
        "ref": "nixos-24.05",
        "repo": "nixvim",
        "type": "github"
      }
    },
=======
>>>>>>> df95a740e007c03e6bbbc961ebbb99cc5a74d610
    "root": {
      "inputs": {
        "catppuccin": "catppuccin",
        "firefox-addons": "firefox-addons",
        "home-manager": "home-manager",
        "hyprland": "hyprland",
<<<<<<< HEAD
        "nixpkgs": "nixpkgs_2",
        "nixvim": "nixvim"
=======
        "nixpkgs": "nixpkgs_2"
>>>>>>> df95a740e007c03e6bbbc961ebbb99cc5a74d610
      }
    },
    "systems": {
      "locked": {
        "lastModified": 1689347949,
        "narHash": "sha256-12tWmuL2zgBgZkdoB6qXZsgJEH9LR3oUgpaQq2RbI80=",
        "owner": "nix-systems",
        "repo": "default-linux",
        "rev": "31732fcf5e8fea42e59c2488ad31a0e651500f68",
        "type": "github"
      },
      "original": {
        "owner": "nix-systems",
        "repo": "default-linux",
        "type": "github"
      }
    },
<<<<<<< HEAD
    "systems_2": {
      "locked": {
        "lastModified": 1681028828,
        "narHash": "sha256-Vy1rq5AaRuLzOxct8nz4T6wlgyUR7zLU309k9mBC768=",
        "owner": "nix-systems",
        "repo": "default",
        "rev": "da67096a3b9bf56a91d16901293e51ba5b49a27e",
        "type": "github"
      },
      "original": {
        "owner": "nix-systems",
        "repo": "default",
        "type": "github"
      }
    },
    "treefmt-nix": {
      "inputs": {
        "nixpkgs": [
          "nixvim",
          "nixpkgs"
        ]
      },
      "locked": {
        "lastModified": 1718271476,
        "narHash": "sha256-35hUMmFesmchb+u7heKHLG5B6c8fBOcSYo0jj0CHLes=",
        "owner": "numtide",
        "repo": "treefmt-nix",
        "rev": "e75ba0a6bb562d2ce275db28f6a36a2e4fd81391",
        "type": "github"
      },
      "original": {
        "owner": "numtide",
        "repo": "treefmt-nix",
        "type": "github"
      }
    },
=======
>>>>>>> df95a740e007c03e6bbbc961ebbb99cc5a74d610
    "xdph": {
      "inputs": {
        "hyprland-protocols": "hyprland-protocols",
        "hyprlang": [
          "hyprland",
          "hyprlang"
        ],
        "nixpkgs": [
          "hyprland",
          "nixpkgs"
        ],
        "systems": [
          "hyprland",
          "systems"
        ]
      },
      "locked": {
<<<<<<< HEAD
        "lastModified": 1718272114,
        "narHash": "sha256-KsX7sAwkEFpXiwyjt0HGTnnrUU58wW1jlzj5IA/LRz8=",
        "owner": "hyprwm",
        "repo": "xdg-desktop-portal-hyprland",
        "rev": "24be4a26f0706e456fca1b61b8c79f7486a9e86d",
=======
        "lastModified": 1716290197,
        "narHash": "sha256-1u9Exrc7yx9qtES2brDh7/DDZ8w8ap1nboIOAtCgeuM=",
        "owner": "hyprwm",
        "repo": "xdg-desktop-portal-hyprland",
        "rev": "91e48d6acd8a5a611d26f925e51559ab743bc438",
>>>>>>> df95a740e007c03e6bbbc961ebbb99cc5a74d610
        "type": "github"
      },
      "original": {
        "owner": "hyprwm",
        "repo": "xdg-desktop-portal-hyprland",
        "type": "github"
      }
    }
  },
  "root": "root",
  "version": 7
}
